// !$*UTF8*$!
{
	archiveVersion = 1;
	classes = {
	};
	objectVersion = 46;
	objects = {

/* Begin PBXBuildFile section */
		375E3C51144DC81F00A56C68 /* UIKit.framework in Frameworks */ = {isa = PBXBuildFile; fileRef = 375E3C50144DC81F00A56C68 /* UIKit.framework */; };
		375E3C53144DC81F00A56C68 /* Foundation.framework in Frameworks */ = {isa = PBXBuildFile; fileRef = 375E3C52144DC81F00A56C68 /* Foundation.framework */; };
		375E3C55144DC81F00A56C68 /* CoreGraphics.framework in Frameworks */ = {isa = PBXBuildFile; fileRef = 375E3C54144DC81F00A56C68 /* CoreGraphics.framework */; };
		375E3C5B144DC81F00A56C68 /* InfoPlist.strings in Resources */ = {isa = PBXBuildFile; fileRef = 375E3C59144DC81F00A56C68 /* InfoPlist.strings */; };
		375E3C5E144DC81F00A56C68 /* main.m in Sources */ = {isa = PBXBuildFile; fileRef = 375E3C5D144DC81F00A56C68 /* main.m */; };
		375E3C61144DC81F00A56C68 /* WebViewTutorial1AppDelegate.m in Sources */ = {isa = PBXBuildFile; fileRef = 375E3C60144DC81F00A56C68 /* WebViewTutorial1AppDelegate.m */; };
		375E3C64144DC81F00A56C68 /* MainWindow.xib in Resources */ = {isa = PBXBuildFile; fileRef = 375E3C62144DC81F00A56C68 /* MainWindow.xib */; };
		375E3C67144DC81F00A56C68 /* FirstViewController.m in Sources */ = {isa = PBXBuildFile; fileRef = 375E3C66144DC81F00A56C68 /* FirstViewController.m */; };
		375E3C6A144DC81F00A56C68 /* SecondViewController.m in Sources */ = {isa = PBXBuildFile; fileRef = 375E3C69144DC81F00A56C68 /* SecondViewController.m */; };
		375E3C6D144DC81F00A56C68 /* FirstView.xib in Resources */ = {isa = PBXBuildFile; fileRef = 375E3C6B144DC81F00A56C68 /* FirstView.xib */; };
		375E3C70144DC81F00A56C68 /* SecondView.xib in Resources */ = {isa = PBXBuildFile; fileRef = 375E3C6E144DC81F00A56C68 /* SecondView.xib */; };
		375E3C77144DC81F00A56C68 /* UIKit.framework in Frameworks */ = {isa = PBXBuildFile; fileRef = 375E3C50144DC81F00A56C68 /* UIKit.framework */; };
		375E3C78144DC81F00A56C68 /* Foundation.framework in Frameworks */ = {isa = PBXBuildFile; fileRef = 375E3C52144DC81F00A56C68 /* Foundation.framework */; };
		375E3C79144DC81F00A56C68 /* CoreGraphics.framework in Frameworks */ = {isa = PBXBuildFile; fileRef = 375E3C54144DC81F00A56C68 /* CoreGraphics.framework */; };
		375E3C81144DC81F00A56C68 /* InfoPlist.strings in Resources */ = {isa = PBXBuildFile; fileRef = 375E3C7F144DC81F00A56C68 /* InfoPlist.strings */; };
		375E3C84144DC81F00A56C68 /* WebViewTutorial1Tests.h in Resources */ = {isa = PBXBuildFile; fileRef = 375E3C83144DC81F00A56C68 /* WebViewTutorial1Tests.h */; };
		375E3C86144DC81F00A56C68 /* WebViewTutorial1Tests.m in Sources */ = {isa = PBXBuildFile; fileRef = 375E3C85144DC81F00A56C68 /* WebViewTutorial1Tests.m */; };
		37DF857714506B480049A7ED /* MyWebView.m in Sources */ = {isa = PBXBuildFile; fileRef = 37DF857514506B480049A7ED /* MyWebView.m */; };
		37DF857814506B480049A7ED /* MyWebView.xib in Resources */ = {isa = PBXBuildFile; fileRef = 37DF857614506B480049A7ED /* MyWebView.xib */; };
		5D922C89163E8E1700050668 /* NSString+NSStringTags.m in Sources */ = {isa = PBXBuildFile; fileRef = 5D922C88163E8E1700050668 /* NSString+NSStringTags.m */; };
		5D94CC2F163E5B5100E36C87 /* header.png in Resources */ = {isa = PBXBuildFile; fileRef = 5D94CC2E163E5B5100E36C87 /* header.png */; };
		FC04B9E116166CEE00C6F6EA /* Default-568h@2x.png in Resources */ = {isa = PBXBuildFile; fileRef = FC04B9E016166CEE00C6F6EA /* Default-568h@2x.png */; };
		FC1D455A15ED91EE00743EFD /* ASBWebView.m in Sources */ = {isa = PBXBuildFile; fileRef = FC1D455815ED91EE00743EFD /* ASBWebView.m */; };
		FC1D455B15ED91EE00743EFD /* ASBWebView.xib in Resources */ = {isa = PBXBuildFile; fileRef = FC1D455915ED91EE00743EFD /* ASBWebView.xib */; };
		FC1D456315EDEB2200743EFD /* FBLAWebView.m in Sources */ = {isa = PBXBuildFile; fileRef = FC1D456115EDEB2200743EFD /* FBLAWebView.m */; };
		FC1D456415EDEB2200743EFD /* FBLAWebView.xib in Resources */ = {isa = PBXBuildFile; fileRef = FC1D456215EDEB2200743EFD /* FBLAWebView.xib */; };
		FC1D456815EDEB8200743EFD /* MockTrialWebView.m in Sources */ = {isa = PBXBuildFile; fileRef = FC1D456615EDEB8200743EFD /* MockTrialWebView.m */; };
		FC1D456915EDEB8200743EFD /* MockTrialWebView.xib in Resources */ = {isa = PBXBuildFile; fileRef = FC1D456715EDEB8200743EFD /* MockTrialWebView.xib */; };
		FC1D456F15EDEC9A00743EFD /* KeyClubWebView.m in Sources */ = {isa = PBXBuildFile; fileRef = FC1D456D15EDEC9A00743EFD /* KeyClubWebView.m */; };
		FC1D457015EDEC9A00743EFD /* KeyClubWebView.xib in Resources */ = {isa = PBXBuildFile; fileRef = FC1D456E15EDEC9A00743EFD /* KeyClubWebView.xib */; };
		FC1D457615EDF46100743EFD /* MUNWebView.m in Sources */ = {isa = PBXBuildFile; fileRef = FC1D457415EDF45F00743EFD /* MUNWebView.m */; };
		FC1D457715EDF46100743EFD /* MUNWebView.xib in Resources */ = {isa = PBXBuildFile; fileRef = FC1D457515EDF46000743EFD /* MUNWebView.xib */; };
		FC1D457D15EDF4EB00743EFD /* NHSWebView.m in Sources */ = {isa = PBXBuildFile; fileRef = FC1D457B15EDF4E900743EFD /* NHSWebView.m */; };
		FC1D457E15EDF4EB00743EFD /* NHSWebView.xib in Resources */ = {isa = PBXBuildFile; fileRef = FC1D457C15EDF4EA00743EFD /* NHSWebView.xib */; };
		FC1D458415EDF55600743EFD /* NAHSWebView.m in Sources */ = {isa = PBXBuildFile; fileRef = FC1D458215EDF55500743EFD /* NAHSWebView.m */; };
		FC1D458515EDF55600743EFD /* NAHSWebView.xib in Resources */ = {isa = PBXBuildFile; fileRef = FC1D458315EDF55500743EFD /* NAHSWebView.xib */; };
		FC1D458B15EDF5B600743EFD /* SNHSWebView.m in Sources */ = {isa = PBXBuildFile; fileRef = FC1D458915EDF5B500743EFD /* SNHSWebView.m */; };
		FC1D458C15EDF5B600743EFD /* SNHSWebView.xib in Resources */ = {isa = PBXBuildFile; fileRef = FC1D458A15EDF5B600743EFD /* SNHSWebView.xib */; };
		FC1D459315EDF64100743EFD /* DramaWebView.m in Sources */ = {isa = PBXBuildFile; fileRef = FC1D459115EDF63F00743EFD /* DramaWebView.m */; };
		FC1D459415EDF64100743EFD /* DramaWebView.xib in Resources */ = {isa = PBXBuildFile; fileRef = FC1D459215EDF64000743EFD /* DramaWebView.xib */; };
		FC1D45A415EDF77B00743EFD /* EnsembleWebView.m in Sources */ = {isa = PBXBuildFile; fileRef = FC1D45A215EDF77A00743EFD /* EnsembleWebView.m */; };
		FC1D45A515EDF77B00743EFD /* EnsembleWebView.xib in Resources */ = {isa = PBXBuildFile; fileRef = FC1D45A315EDF77A00743EFD /* EnsembleWebView.xib */; };
		FC1D45AC15EDF7E700743EFD /* ChoirWebView.m in Sources */ = {isa = PBXBuildFile; fileRef = FC1D45AA15EDF7E700743EFD /* ChoirWebView.m */; };
		FC1D45AD15EDF7E700743EFD /* ChoirWebView.xib in Resources */ = {isa = PBXBuildFile; fileRef = FC1D45AB15EDF7E700743EFD /* ChoirWebView.xib */; };
		FC1D45B415EDF84B00743EFD /* TasteWebView.m in Sources */ = {isa = PBXBuildFile; fileRef = FC1D45B215EDF84B00743EFD /* TasteWebView.m */; };
		FC1D45B515EDF84B00743EFD /* TasteWebView.xib in Resources */ = {isa = PBXBuildFile; fileRef = FC1D45B315EDF84B00743EFD /* TasteWebView.xib */; };
		FC1D45BC15EDF8BD00743EFD /* EnvWebView.m in Sources */ = {isa = PBXBuildFile; fileRef = FC1D45BA15EDF8BC00743EFD /* EnvWebView.m */; };
		FC1D45BD15EDF8BD00743EFD /* EnvWebView.xib in Resources */ = {isa = PBXBuildFile; fileRef = FC1D45BB15EDF8BC00743EFD /* EnvWebView.xib */; };
		FC1D45C415EDF92100743EFD /* FrisbeeWebView.m in Sources */ = {isa = PBXBuildFile; fileRef = FC1D45C215EDF92000743EFD /* FrisbeeWebView.m */; };
		FC1D45C515EDF92100743EFD /* FrisbeeWebView.xib in Resources */ = {isa = PBXBuildFile; fileRef = FC1D45C315EDF92100743EFD /* FrisbeeWebView.xib */; };
		FC1D45CA15EDF99800743EFD /* TechWebView.m in Sources */ = {isa = PBXBuildFile; fileRef = FC1D45C815EDF99800743EFD /* TechWebView.m */; };
		FC1D45CB15EDF99800743EFD /* TechWebView.xib in Resources */ = {isa = PBXBuildFile; fileRef = FC1D45C915EDF99800743EFD /* TechWebView.xib */; };
		FC1D45D915EDFBD000743EFD /* 46-movie-2.png in Resources */ = {isa = PBXBuildFile; fileRef = FC1D45D315EDFBD000743EFD /* 46-movie-2.png */; };
		FC1D45DA15EDFBD000743EFD /* default.png in Resources */ = {isa = PBXBuildFile; fileRef = FC1D45D415EDFBD000743EFD /* default.png */; };
		FC1D45DB15EDFBD000743EFD /* home_30.png in Resources */ = {isa = PBXBuildFile; fileRef = FC1D45D515EDFBD000743EFD /* home_30.png */; };
		FC1D45DC15EDFBD000743EFD /* icon_calendar.png in Resources */ = {isa = PBXBuildFile; fileRef = FC1D45D615EDFBD000743EFD /* icon_calendar.png */; };
		FC1D45DD15EDFBD000743EFD /* icon_pencil.png in Resources */ = {isa = PBXBuildFile; fileRef = FC1D45D715EDFBD000743EFD /* icon_pencil.png */; };
		FC1D45DE15EDFBD000743EFD /* info_30.png in Resources */ = {isa = PBXBuildFile; fileRef = FC1D45D815EDFBD000743EFD /* info_30.png */; };
		FC1D45E415EDFD0200743EFD /* FifthViewController.m in Sources */ = {isa = PBXBuildFile; fileRef = FC1D45E215EDFCFE00743EFD /* FifthViewController.m */; };
		FC1D45E515EDFD0200743EFD /* FifthViewController.xib in Resources */ = {isa = PBXBuildFile; fileRef = FC1D45E315EDFD0000743EFD /* FifthViewController.xib */; };
		FC274BB11633A3200083C950 /* img2.png in Resources */ = {isa = PBXBuildFile; fileRef = FC274BB01633A3200083C950 /* img2.png */; };
		FC3CE1CC1612BD3C00D892BF /* DetailCalendarController.m in Sources */ = {isa = PBXBuildFile; fileRef = FC3CE1CA1612BD3C00D892BF /* DetailCalendarController.m */; };
		FC3CE1CD1612BD3C00D892BF /* DetailCalendarController.xib in Resources */ = {isa = PBXBuildFile; fileRef = FC3CE1CB1612BD3C00D892BF /* DetailCalendarController.xib */; };
		FC3CE1F51612C23E00D892BF /* DetailMediaController.m in Sources */ = {isa = PBXBuildFile; fileRef = FC3CE1F31612C23E00D892BF /* DetailMediaController.m */; };
		FC3CE1F61612C23E00D892BF /* DetailMediaController.xib in Resources */ = {isa = PBXBuildFile; fileRef = FC3CE1F41612C23E00D892BF /* DetailMediaController.xib */; };
		FC411DB815F07584006B7FF9 /* icon.png in Resources */ = {isa = PBXBuildFile; fileRef = FC411DB715F07584006B7FF9 /* icon.png */; };
		FC76222216176BC200736DA2 /* QuartzCore.framework in Frameworks */ = {isa = PBXBuildFile; fileRef = FC76222116176BC200736DA2 /* QuartzCore.framework */; };
		FCE65B9115EE6FFE0047A184 /* ThirdViewController.m in Sources */ = {isa = PBXBuildFile; fileRef = FCE65B8F15EE6FFE0047A184 /* ThirdViewController.m */; };
		FCE65B9215EE6FFE0047A184 /* ThirdViewController.xib in Resources */ = {isa = PBXBuildFile; fileRef = FCE65B9015EE6FFE0047A184 /* ThirdViewController.xib */; };
		FCE65B9715EE836D0047A184 /* FourthViewController.m in Sources */ = {isa = PBXBuildFile; fileRef = FCE65B9515EE836D0047A184 /* FourthViewController.m */; };
		FCE65B9815EE836D0047A184 /* FourthViewController.xib in Resources */ = {isa = PBXBuildFile; fileRef = FCE65B9615EE836D0047A184 /* FourthViewController.xib */; };
		FCE886D115EF3A27006677E9 /* iPhoneIcon_Big.png in Resources */ = {isa = PBXBuildFile; fileRef = FCE886CF15EF3A27006677E9 /* iPhoneIcon_Big.png */; };
		FCE886D215EF3A27006677E9 /* iPhoneIcon_Medium.png in Resources */ = {isa = PBXBuildFile; fileRef = FCE886D015EF3A27006677E9 /* iPhoneIcon_Medium.png */; };
/* End PBXBuildFile section */

/* Begin PBXContainerItemProxy section */
		375E3C7A144DC81F00A56C68 /* PBXContainerItemProxy */ = {
			isa = PBXContainerItemProxy;
			containerPortal = 375E3C43144DC81F00A56C68 /* Project object */;
			proxyType = 1;
			remoteGlobalIDString = 375E3C4B144DC81F00A56C68;
			remoteInfo = WebViewTutorial1;
		};
/* End PBXContainerItemProxy section */

/* Begin PBXFileReference section */
		375E3C4C144DC81F00A56C68 /* ICS.app */ = {isa = PBXFileReference; explicitFileType = wrapper.application; includeInIndex = 0; path = ICS.app; sourceTree = BUILT_PRODUCTS_DIR; };
		375E3C50144DC81F00A56C68 /* UIKit.framework */ = {isa = PBXFileReference; lastKnownFileType = wrapper.framework; name = UIKit.framework; path = System/Library/Frameworks/UIKit.framework; sourceTree = SDKROOT; };
		375E3C52144DC81F00A56C68 /* Foundation.framework */ = {isa = PBXFileReference; lastKnownFileType = wrapper.framework; name = Foundation.framework; path = System/Library/Frameworks/Foundation.framework; sourceTree = SDKROOT; };
		375E3C54144DC81F00A56C68 /* CoreGraphics.framework */ = {isa = PBXFileReference; lastKnownFileType = wrapper.framework; name = CoreGraphics.framework; path = System/Library/Frameworks/CoreGraphics.framework; sourceTree = SDKROOT; };
		375E3C58144DC81F00A56C68 /* WebViewTutorial1-Info.plist */ = {isa = PBXFileReference; lastKnownFileType = text.plist.xml; path = "WebViewTutorial1-Info.plist"; sourceTree = "<group>"; };
		375E3C5A144DC81F00A56C68 /* en */ = {isa = PBXFileReference; lastKnownFileType = text.plist.strings; name = en; path = en.lproj/InfoPlist.strings; sourceTree = "<group>"; };
		375E3C5C144DC81F00A56C68 /* WebViewTutorial1-Prefix.pch */ = {isa = PBXFileReference; lastKnownFileType = sourcecode.c.h; path = "WebViewTutorial1-Prefix.pch"; sourceTree = "<group>"; };
		375E3C5D144DC81F00A56C68 /* main.m */ = {isa = PBXFileReference; lastKnownFileType = sourcecode.c.objc; path = main.m; sourceTree = "<group>"; };
		375E3C5F144DC81F00A56C68 /* WebViewTutorial1AppDelegate.h */ = {isa = PBXFileReference; lastKnownFileType = sourcecode.c.h; path = WebViewTutorial1AppDelegate.h; sourceTree = "<group>"; };
		375E3C60144DC81F00A56C68 /* WebViewTutorial1AppDelegate.m */ = {isa = PBXFileReference; lastKnownFileType = sourcecode.c.objc; path = WebViewTutorial1AppDelegate.m; sourceTree = "<group>"; };
		375E3C63144DC81F00A56C68 /* en */ = {isa = PBXFileReference; lastKnownFileType = file.xib; name = en; path = en.lproj/MainWindow.xib; sourceTree = "<group>"; };
		375E3C65144DC81F00A56C68 /* FirstViewController.h */ = {isa = PBXFileReference; lastKnownFileType = sourcecode.c.h; path = FirstViewController.h; sourceTree = "<group>"; };
		375E3C66144DC81F00A56C68 /* FirstViewController.m */ = {isa = PBXFileReference; lastKnownFileType = sourcecode.c.objc; path = FirstViewController.m; sourceTree = "<group>"; };
		375E3C68144DC81F00A56C68 /* SecondViewController.h */ = {isa = PBXFileReference; lastKnownFileType = sourcecode.c.h; path = SecondViewController.h; sourceTree = "<group>"; };
		375E3C69144DC81F00A56C68 /* SecondViewController.m */ = {isa = PBXFileReference; lastKnownFileType = sourcecode.c.objc; path = SecondViewController.m; sourceTree = "<group>"; };
		375E3C6C144DC81F00A56C68 /* en */ = {isa = PBXFileReference; lastKnownFileType = file.xib; name = en; path = en.lproj/FirstView.xib; sourceTree = "<group>"; };
		375E3C6F144DC81F00A56C68 /* en */ = {isa = PBXFileReference; lastKnownFileType = file.xib; name = en; path = en.lproj/SecondView.xib; sourceTree = "<group>"; };
		375E3C7E144DC81F00A56C68 /* WebViewTutorial1Tests-Info.plist */ = {isa = PBXFileReference; lastKnownFileType = text.plist.xml; path = "WebViewTutorial1Tests-Info.plist"; sourceTree = "<group>"; };
		375E3C80144DC81F00A56C68 /* en */ = {isa = PBXFileReference; lastKnownFileType = text.plist.strings; name = en; path = en.lproj/InfoPlist.strings; sourceTree = "<group>"; };
		375E3C82144DC81F00A56C68 /* WebViewTutorial1Tests-Prefix.pch */ = {isa = PBXFileReference; lastKnownFileType = sourcecode.c.h; path = "WebViewTutorial1Tests-Prefix.pch"; sourceTree = "<group>"; };
		375E3C83144DC81F00A56C68 /* WebViewTutorial1Tests.h */ = {isa = PBXFileReference; lastKnownFileType = sourcecode.c.h; path = WebViewTutorial1Tests.h; sourceTree = "<group>"; };
		375E3C85144DC81F00A56C68 /* WebViewTutorial1Tests.m */ = {isa = PBXFileReference; lastKnownFileType = sourcecode.c.objc; path = WebViewTutorial1Tests.m; sourceTree = "<group>"; };
		37DF857414506B480049A7ED /* MyWebView.h */ = {isa = PBXFileReference; fileEncoding = 4; lastKnownFileType = sourcecode.c.h; path = MyWebView.h; sourceTree = "<group>"; };
		37DF857514506B480049A7ED /* MyWebView.m */ = {isa = PBXFileReference; fileEncoding = 4; lastKnownFileType = sourcecode.c.objc; path = MyWebView.m; sourceTree = "<group>"; };
		37DF857614506B480049A7ED /* MyWebView.xib */ = {isa = PBXFileReference; fileEncoding = 4; lastKnownFileType = file.xib; path = MyWebView.xib; sourceTree = "<group>"; };
		5D922C87163E8E1700050668 /* NSString+NSStringTags.h */ = {isa = PBXFileReference; fileEncoding = 4; lastKnownFileType = sourcecode.c.h; path = "NSString+NSStringTags.h"; sourceTree = "<group>"; };
		5D922C88163E8E1700050668 /* NSString+NSStringTags.m */ = {isa = PBXFileReference; fileEncoding = 4; lastKnownFileType = sourcecode.c.objc; path = "NSString+NSStringTags.m"; sourceTree = "<group>"; };
		5D94CC2E163E5B5100E36C87 /* header.png */ = {isa = PBXFileReference; lastKnownFileType = image.png; path = header.png; sourceTree = "<group>"; };
		FC04B9E016166CEE00C6F6EA /* Default-568h@2x.png */ = {isa = PBXFileReference; lastKnownFileType = image.png; name = "Default-568h@2x.png"; path = "../Default-568h@2x.png"; sourceTree = "<group>"; };
		FC1D455715ED91EE00743EFD /* ASBWebView.h */ = {isa = PBXFileReference; fileEncoding = 4; lastKnownFileType = sourcecode.c.h; path = ASBWebView.h; sourceTree = "<group>"; };
		FC1D455815ED91EE00743EFD /* ASBWebView.m */ = {isa = PBXFileReference; fileEncoding = 4; lastKnownFileType = sourcecode.c.objc; path = ASBWebView.m; sourceTree = "<group>"; };
		FC1D455915ED91EE00743EFD /* ASBWebView.xib */ = {isa = PBXFileReference; fileEncoding = 4; lastKnownFileType = file.xib; path = ASBWebView.xib; sourceTree = "<group>"; };
		FC1D456015EDEB2200743EFD /* FBLAWebView.h */ = {isa = PBXFileReference; fileEncoding = 4; lastKnownFileType = sourcecode.c.h; path = FBLAWebView.h; sourceTree = "<group>"; };
		FC1D456115EDEB2200743EFD /* FBLAWebView.m */ = {isa = PBXFileReference; fileEncoding = 4; lastKnownFileType = sourcecode.c.objc; path = FBLAWebView.m; sourceTree = "<group>"; };
		FC1D456215EDEB2200743EFD /* FBLAWebView.xib */ = {isa = PBXFileReference; fileEncoding = 4; lastKnownFileType = file.xib; path = FBLAWebView.xib; sourceTree = "<group>"; };
		FC1D456515EDEB8100743EFD /* MockTrialWebView.h */ = {isa = PBXFileReference; fileEncoding = 4; lastKnownFileType = sourcecode.c.h; path = MockTrialWebView.h; sourceTree = "<group>"; };
		FC1D456615EDEB8200743EFD /* MockTrialWebView.m */ = {isa = PBXFileReference; fileEncoding = 4; lastKnownFileType = sourcecode.c.objc; path = MockTrialWebView.m; sourceTree = "<group>"; };
		FC1D456715EDEB8200743EFD /* MockTrialWebView.xib */ = {isa = PBXFileReference; fileEncoding = 4; lastKnownFileType = file.xib; path = MockTrialWebView.xib; sourceTree = "<group>"; };
		FC1D456C15EDEC9900743EFD /* KeyClubWebView.h */ = {isa = PBXFileReference; fileEncoding = 4; lastKnownFileType = sourcecode.c.h; path = KeyClubWebView.h; sourceTree = "<group>"; };
		FC1D456D15EDEC9A00743EFD /* KeyClubWebView.m */ = {isa = PBXFileReference; fileEncoding = 4; lastKnownFileType = sourcecode.c.objc; path = KeyClubWebView.m; sourceTree = "<group>"; };
		FC1D456E15EDEC9A00743EFD /* KeyClubWebView.xib */ = {isa = PBXFileReference; fileEncoding = 4; lastKnownFileType = file.xib; path = KeyClubWebView.xib; sourceTree = "<group>"; };
		FC1D457315EDF45E00743EFD /* MUNWebView.h */ = {isa = PBXFileReference; fileEncoding = 4; lastKnownFileType = sourcecode.c.h; path = MUNWebView.h; sourceTree = "<group>"; };
		FC1D457415EDF45F00743EFD /* MUNWebView.m */ = {isa = PBXFileReference; fileEncoding = 4; lastKnownFileType = sourcecode.c.objc; path = MUNWebView.m; sourceTree = "<group>"; };
		FC1D457515EDF46000743EFD /* MUNWebView.xib */ = {isa = PBXFileReference; fileEncoding = 4; lastKnownFileType = file.xib; path = MUNWebView.xib; sourceTree = "<group>"; };
		FC1D457A15EDF4E900743EFD /* NHSWebView.h */ = {isa = PBXFileReference; fileEncoding = 4; lastKnownFileType = sourcecode.c.h; path = NHSWebView.h; sourceTree = "<group>"; };
		FC1D457B15EDF4E900743EFD /* NHSWebView.m */ = {isa = PBXFileReference; fileEncoding = 4; lastKnownFileType = sourcecode.c.objc; path = NHSWebView.m; sourceTree = "<group>"; };
		FC1D457C15EDF4EA00743EFD /* NHSWebView.xib */ = {isa = PBXFileReference; fileEncoding = 4; lastKnownFileType = file.xib; path = NHSWebView.xib; sourceTree = "<group>"; };
		FC1D458115EDF55400743EFD /* NAHSWebView.h */ = {isa = PBXFileReference; fileEncoding = 4; lastKnownFileType = sourcecode.c.h; path = NAHSWebView.h; sourceTree = "<group>"; };
		FC1D458215EDF55500743EFD /* NAHSWebView.m */ = {isa = PBXFileReference; fileEncoding = 4; lastKnownFileType = sourcecode.c.objc; path = NAHSWebView.m; sourceTree = "<group>"; };
		FC1D458315EDF55500743EFD /* NAHSWebView.xib */ = {isa = PBXFileReference; fileEncoding = 4; lastKnownFileType = file.xib; path = NAHSWebView.xib; sourceTree = "<group>"; };
		FC1D458815EDF5B400743EFD /* SNHSWebView.h */ = {isa = PBXFileReference; fileEncoding = 4; lastKnownFileType = sourcecode.c.h; path = SNHSWebView.h; sourceTree = "<group>"; };
		FC1D458915EDF5B500743EFD /* SNHSWebView.m */ = {isa = PBXFileReference; fileEncoding = 4; lastKnownFileType = sourcecode.c.objc; path = SNHSWebView.m; sourceTree = "<group>"; };
		FC1D458A15EDF5B600743EFD /* SNHSWebView.xib */ = {isa = PBXFileReference; fileEncoding = 4; lastKnownFileType = file.xib; path = SNHSWebView.xib; sourceTree = "<group>"; };
		FC1D459015EDF63E00743EFD /* DramaWebView.h */ = {isa = PBXFileReference; fileEncoding = 4; lastKnownFileType = sourcecode.c.h; path = DramaWebView.h; sourceTree = "<group>"; };
		FC1D459115EDF63F00743EFD /* DramaWebView.m */ = {isa = PBXFileReference; fileEncoding = 4; lastKnownFileType = sourcecode.c.objc; path = DramaWebView.m; sourceTree = "<group>"; };
		FC1D459215EDF64000743EFD /* DramaWebView.xib */ = {isa = PBXFileReference; fileEncoding = 4; lastKnownFileType = file.xib; path = DramaWebView.xib; sourceTree = "<group>"; };
		FC1D45A115EDF77A00743EFD /* EnsembleWebView.h */ = {isa = PBXFileReference; fileEncoding = 4; lastKnownFileType = sourcecode.c.h; path = EnsembleWebView.h; sourceTree = "<group>"; };
		FC1D45A215EDF77A00743EFD /* EnsembleWebView.m */ = {isa = PBXFileReference; fileEncoding = 4; lastKnownFileType = sourcecode.c.objc; path = EnsembleWebView.m; sourceTree = "<group>"; };
		FC1D45A315EDF77A00743EFD /* EnsembleWebView.xib */ = {isa = PBXFileReference; fileEncoding = 4; lastKnownFileType = file.xib; path = EnsembleWebView.xib; sourceTree = "<group>"; };
		FC1D45A915EDF7E600743EFD /* ChoirWebView.h */ = {isa = PBXFileReference; fileEncoding = 4; lastKnownFileType = sourcecode.c.h; path = ChoirWebView.h; sourceTree = "<group>"; };
		FC1D45AA15EDF7E700743EFD /* ChoirWebView.m */ = {isa = PBXFileReference; fileEncoding = 4; lastKnownFileType = sourcecode.c.objc; path = ChoirWebView.m; sourceTree = "<group>"; };
		FC1D45AB15EDF7E700743EFD /* ChoirWebView.xib */ = {isa = PBXFileReference; fileEncoding = 4; lastKnownFileType = file.xib; path = ChoirWebView.xib; sourceTree = "<group>"; };
		FC1D45B115EDF84A00743EFD /* TasteWebView.h */ = {isa = PBXFileReference; fileEncoding = 4; lastKnownFileType = sourcecode.c.h; path = TasteWebView.h; sourceTree = "<group>"; };
		FC1D45B215EDF84B00743EFD /* TasteWebView.m */ = {isa = PBXFileReference; fileEncoding = 4; lastKnownFileType = sourcecode.c.objc; path = TasteWebView.m; sourceTree = "<group>"; };
		FC1D45B315EDF84B00743EFD /* TasteWebView.xib */ = {isa = PBXFileReference; fileEncoding = 4; lastKnownFileType = file.xib; path = TasteWebView.xib; sourceTree = "<group>"; };
		FC1D45B915EDF8BC00743EFD /* EnvWebView.h */ = {isa = PBXFileReference; fileEncoding = 4; lastKnownFileType = sourcecode.c.h; path = EnvWebView.h; sourceTree = "<group>"; };
		FC1D45BA15EDF8BC00743EFD /* EnvWebView.m */ = {isa = PBXFileReference; fileEncoding = 4; lastKnownFileType = sourcecode.c.objc; path = EnvWebView.m; sourceTree = "<group>"; };
		FC1D45BB15EDF8BC00743EFD /* EnvWebView.xib */ = {isa = PBXFileReference; fileEncoding = 4; lastKnownFileType = file.xib; path = EnvWebView.xib; sourceTree = "<group>"; };
		FC1D45C115EDF92000743EFD /* FrisbeeWebView.h */ = {isa = PBXFileReference; fileEncoding = 4; lastKnownFileType = sourcecode.c.h; path = FrisbeeWebView.h; sourceTree = "<group>"; };
		FC1D45C215EDF92000743EFD /* FrisbeeWebView.m */ = {isa = PBXFileReference; fileEncoding = 4; lastKnownFileType = sourcecode.c.objc; path = FrisbeeWebView.m; sourceTree = "<group>"; };
		FC1D45C315EDF92100743EFD /* FrisbeeWebView.xib */ = {isa = PBXFileReference; fileEncoding = 4; lastKnownFileType = file.xib; path = FrisbeeWebView.xib; sourceTree = "<group>"; };
		FC1D45C715EDF99700743EFD /* TechWebView.h */ = {isa = PBXFileReference; fileEncoding = 4; lastKnownFileType = sourcecode.c.h; path = TechWebView.h; sourceTree = "<group>"; };
		FC1D45C815EDF99800743EFD /* TechWebView.m */ = {isa = PBXFileReference; fileEncoding = 4; lastKnownFileType = sourcecode.c.objc; path = TechWebView.m; sourceTree = "<group>"; };
		FC1D45C915EDF99800743EFD /* TechWebView.xib */ = {isa = PBXFileReference; fileEncoding = 4; lastKnownFileType = file.xib; path = TechWebView.xib; sourceTree = "<group>"; };
		FC1D45D315EDFBD000743EFD /* 46-movie-2.png */ = {isa = PBXFileReference; lastKnownFileType = image.png; path = "46-movie-2.png"; sourceTree = "<group>"; };
		FC1D45D415EDFBD000743EFD /* default.png */ = {isa = PBXFileReference; lastKnownFileType = image.png; path = default.png; sourceTree = "<group>"; };
		FC1D45D515EDFBD000743EFD /* home_30.png */ = {isa = PBXFileReference; lastKnownFileType = image.png; path = home_30.png; sourceTree = "<group>"; };
		FC1D45D615EDFBD000743EFD /* icon_calendar.png */ = {isa = PBXFileReference; lastKnownFileType = image.png; path = icon_calendar.png; sourceTree = "<group>"; };
		FC1D45D715EDFBD000743EFD /* icon_pencil.png */ = {isa = PBXFileReference; lastKnownFileType = image.png; path = icon_pencil.png; sourceTree = "<group>"; };
		FC1D45D815EDFBD000743EFD /* info_30.png */ = {isa = PBXFileReference; lastKnownFileType = image.png; path = info_30.png; sourceTree = "<group>"; };
		FC1D45E115EDFCFD00743EFD /* FifthViewController.h */ = {isa = PBXFileReference; fileEncoding = 4; lastKnownFileType = sourcecode.c.h; name = FifthViewController.h; path = ../FifthViewController.h; sourceTree = "<group>"; };
		FC1D45E215EDFCFE00743EFD /* FifthViewController.m */ = {isa = PBXFileReference; fileEncoding = 4; lastKnownFileType = sourcecode.c.objc; name = FifthViewController.m; path = ../FifthViewController.m; sourceTree = "<group>"; };
		FC1D45E315EDFD0000743EFD /* FifthViewController.xib */ = {isa = PBXFileReference; fileEncoding = 4; lastKnownFileType = file.xib; name = FifthViewController.xib; path = ../FifthViewController.xib; sourceTree = "<group>"; };
		FC2629E2161F2C0E00047A2D /* WebViewTutorial1Tests.octest */ = {isa = PBXFileReference; explicitFileType = wrapper.cfbundle; includeInIndex = 0; path = WebViewTutorial1Tests.octest; sourceTree = BUILT_PRODUCTS_DIR; };
		FC274BB01633A3200083C950 /* img2.png */ = {isa = PBXFileReference; lastKnownFileType = image.png; path = img2.png; sourceTree = "<group>"; };
		FC3CE1C91612BD3C00D892BF /* DetailCalendarController.h */ = {isa = PBXFileReference; fileEncoding = 4; lastKnownFileType = sourcecode.c.h; path = DetailCalendarController.h; sourceTree = "<group>"; };
		FC3CE1CA1612BD3C00D892BF /* DetailCalendarController.m */ = {isa = PBXFileReference; fileEncoding = 4; lastKnownFileType = sourcecode.c.objc; path = DetailCalendarController.m; sourceTree = "<group>"; };
		FC3CE1CB1612BD3C00D892BF /* DetailCalendarController.xib */ = {isa = PBXFileReference; lastKnownFileType = file.xib; path = DetailCalendarController.xib; sourceTree = "<group>"; };
		FC3CE1F21612C23E00D892BF /* DetailMediaController.h */ = {isa = PBXFileReference; fileEncoding = 4; lastKnownFileType = sourcecode.c.h; path = DetailMediaController.h; sourceTree = "<group>"; };
		FC3CE1F31612C23E00D892BF /* DetailMediaController.m */ = {isa = PBXFileReference; fileEncoding = 4; lastKnownFileType = sourcecode.c.objc; path = DetailMediaController.m; sourceTree = "<group>"; };
		FC3CE1F41612C23E00D892BF /* DetailMediaController.xib */ = {isa = PBXFileReference; lastKnownFileType = file.xib; path = DetailMediaController.xib; sourceTree = "<group>"; };
		FC411DB715F07584006B7FF9 /* icon.png */ = {isa = PBXFileReference; lastKnownFileType = image.png; name = icon.png; path = images/icon.png; sourceTree = SOURCE_ROOT; };
		FC76222116176BC200736DA2 /* QuartzCore.framework */ = {isa = PBXFileReference; lastKnownFileType = wrapper.framework; name = QuartzCore.framework; path = System/Library/Frameworks/QuartzCore.framework; sourceTree = SDKROOT; };
		FCE65B8E15EE6FFE0047A184 /* ThirdViewController.h */ = {isa = PBXFileReference; fileEncoding = 4; lastKnownFileType = sourcecode.c.h; path = ThirdViewController.h; sourceTree = "<group>"; };
		FCE65B8F15EE6FFE0047A184 /* ThirdViewController.m */ = {isa = PBXFileReference; fileEncoding = 4; lastKnownFileType = sourcecode.c.objc; path = ThirdViewController.m; sourceTree = "<group>"; };
		FCE65B9015EE6FFE0047A184 /* ThirdViewController.xib */ = {isa = PBXFileReference; fileEncoding = 4; lastKnownFileType = file.xib; path = ThirdViewController.xib; sourceTree = "<group>"; };
		FCE65B9415EE836D0047A184 /* FourthViewController.h */ = {isa = PBXFileReference; fileEncoding = 4; lastKnownFileType = sourcecode.c.h; path = FourthViewController.h; sourceTree = "<group>"; };
		FCE65B9515EE836D0047A184 /* FourthViewController.m */ = {isa = PBXFileReference; fileEncoding = 4; lastKnownFileType = sourcecode.c.objc; path = FourthViewController.m; sourceTree = "<group>"; };
		FCE65B9615EE836D0047A184 /* FourthViewController.xib */ = {isa = PBXFileReference; fileEncoding = 4; lastKnownFileType = file.xib; path = FourthViewController.xib; sourceTree = "<group>"; };
		FCE886CF15EF3A27006677E9 /* iPhoneIcon_Big.png */ = {isa = PBXFileReference; lastKnownFileType = image.png; path = iPhoneIcon_Big.png; sourceTree = "<group>"; };
		FCE886D015EF3A27006677E9 /* iPhoneIcon_Medium.png */ = {isa = PBXFileReference; lastKnownFileType = image.png; path = iPhoneIcon_Medium.png; sourceTree = "<group>"; };
/* End PBXFileReference section */

/* Begin PBXFrameworksBuildPhase section */
		375E3C49144DC81F00A56C68 /* Frameworks */ = {
			isa = PBXFrameworksBuildPhase;
			buildActionMask = 2147483647;
			files = (
				FC76222216176BC200736DA2 /* QuartzCore.framework in Frameworks */,
				375E3C51144DC81F00A56C68 /* UIKit.framework in Frameworks */,
				375E3C53144DC81F00A56C68 /* Foundation.framework in Frameworks */,
				375E3C55144DC81F00A56C68 /* CoreGraphics.framework in Frameworks */,
			);
			runOnlyForDeploymentPostprocessing = 0;
		};
		375E3C72144DC81F00A56C68 /* Frameworks */ = {
			isa = PBXFrameworksBuildPhase;
			buildActionMask = 2147483647;
			files = (
				375E3C77144DC81F00A56C68 /* UIKit.framework in Frameworks */,
				375E3C78144DC81F00A56C68 /* Foundation.framework in Frameworks */,
				375E3C79144DC81F00A56C68 /* CoreGraphics.framework in Frameworks */,
			);
			runOnlyForDeploymentPostprocessing = 0;
		};
/* End PBXFrameworksBuildPhase section */

/* Begin PBXGroup section */
		375E3C41144DC81E00A56C68 = {
			isa = PBXGroup;
			children = (
				375E3C56144DC81F00A56C68 /* WebViewTutorial1 */,
				375E3C57144DC81F00A56C68 /* Supporting Files */,
				375E3C7C144DC81F00A56C68 /* WebViewTutorial1Tests */,
				375E3C4F144DC81F00A56C68 /* Frameworks */,
				375E3C4D144DC81F00A56C68 /* Products */,
			);
			sourceTree = "<group>";
		};
		375E3C4D144DC81F00A56C68 /* Products */ = {
			isa = PBXGroup;
			children = (
				375E3C4C144DC81F00A56C68 /* ICS.app */,
				FC2629E2161F2C0E00047A2D /* WebViewTutorial1Tests.octest */,
			);
			name = Products;
			sourceTree = "<group>";
		};
		375E3C4F144DC81F00A56C68 /* Frameworks */ = {
			isa = PBXGroup;
			children = (
				FC76222116176BC200736DA2 /* QuartzCore.framework */,
				375E3C50144DC81F00A56C68 /* UIKit.framework */,
				375E3C52144DC81F00A56C68 /* Foundation.framework */,
				375E3C54144DC81F00A56C68 /* CoreGraphics.framework */,
			);
			name = Frameworks;
			sourceTree = "<group>";
		};
		375E3C56144DC81F00A56C68 /* WebViewTutorial1 */ = {
			isa = PBXGroup;
			children = (
				5D94CC2E163E5B5100E36C87 /* header.png */,
				FC274BB01633A3200083C950 /* img2.png */,
				FC1D45DF15EDFC6B00743EFD /* First View (Home) */,
				FC1D45E015EDFC7700743EFD /* Second View (Clubs) */,
				FCE65B9315EE70C90047A184 /* Third View (Calendar) */,
				FCE65B9915EE83C30047A184 /* Fourth View (Media) */,
				FCE65B8C15EE6CB90047A184 /* Fifth View (Contact) */,
				375E3C5F144DC81F00A56C68 /* WebViewTutorial1AppDelegate.h */,
				375E3C60144DC81F00A56C68 /* WebViewTutorial1AppDelegate.m */,
				375E3C62144DC81F00A56C68 /* MainWindow.xib */,
				5D922C87163E8E1700050668 /* NSString+NSStringTags.h */,
				5D922C88163E8E1700050668 /* NSString+NSStringTags.m */,
			);
			path = WebViewTutorial1;
			sourceTree = "<group>";
		};
		375E3C57144DC81F00A56C68 /* Supporting Files */ = {
			isa = PBXGroup;
			children = (
				FC04B9E016166CEE00C6F6EA /* Default-568h@2x.png */,
				FC1D459715EDF6B400743EFD /* Web Test */,
				FC1D45D215EDFBD000743EFD /* images */,
				375E3C58144DC81F00A56C68 /* WebViewTutorial1-Info.plist */,
				375E3C59144DC81F00A56C68 /* InfoPlist.strings */,
				375E3C5C144DC81F00A56C68 /* WebViewTutorial1-Prefix.pch */,
				375E3C5D144DC81F00A56C68 /* main.m */,
			);
			name = "Supporting Files";
			path = WebViewTutorial1;
			sourceTree = "<group>";
		};
		375E3C7C144DC81F00A56C68 /* WebViewTutorial1Tests */ = {
			isa = PBXGroup;
			children = (
				375E3C83144DC81F00A56C68 /* WebViewTutorial1Tests.h */,
				375E3C85144DC81F00A56C68 /* WebViewTutorial1Tests.m */,
				375E3C7D144DC81F00A56C68 /* Supporting Files */,
			);
			path = WebViewTutorial1Tests;
			sourceTree = "<group>";
		};
		375E3C7D144DC81F00A56C68 /* Supporting Files */ = {
			isa = PBXGroup;
			children = (
				375E3C7E144DC81F00A56C68 /* WebViewTutorial1Tests-Info.plist */,
				375E3C7F144DC81F00A56C68 /* InfoPlist.strings */,
				375E3C82144DC81F00A56C68 /* WebViewTutorial1Tests-Prefix.pch */,
			);
			name = "Supporting Files";
			sourceTree = "<group>";
		};
		FC1D459715EDF6B400743EFD /* Web Test */ = {
			isa = PBXGroup;
			children = (
				37DF857414506B480049A7ED /* MyWebView.h */,
				37DF857514506B480049A7ED /* MyWebView.m */,
				37DF857614506B480049A7ED /* MyWebView.xib */,
			);
			name = "Web Test";
			sourceTree = "<group>";
		};
		FC1D459815EDF6BF00743EFD /* ASB */ = {
			isa = PBXGroup;
			children = (
				FC1D455715ED91EE00743EFD /* ASBWebView.h */,
				FC1D455815ED91EE00743EFD /* ASBWebView.m */,
				FC1D455915ED91EE00743EFD /* ASBWebView.xib */,
			);
			name = ASB;
			sourceTree = "<group>";
		};
		FC1D459915EDF6DA00743EFD /* FBLA */ = {
			isa = PBXGroup;
			children = (
				FC1D456015EDEB2200743EFD /* FBLAWebView.h */,
				FC1D456115EDEB2200743EFD /* FBLAWebView.m */,
				FC1D456215EDEB2200743EFD /* FBLAWebView.xib */,
			);
			name = FBLA;
			sourceTree = "<group>";
		};
		FC1D459A15EDF6E800743EFD /* Key Club */ = {
			isa = PBXGroup;
			children = (
				FC1D456C15EDEC9900743EFD /* KeyClubWebView.h */,
				FC1D456D15EDEC9A00743EFD /* KeyClubWebView.m */,
				FC1D456E15EDEC9A00743EFD /* KeyClubWebView.xib */,
			);
			name = "Key Club";
			sourceTree = "<group>";
		};
		FC1D459B15EDF6F400743EFD /* Mock Trial */ = {
			isa = PBXGroup;
			children = (
				FC1D456515EDEB8100743EFD /* MockTrialWebView.h */,
				FC1D456615EDEB8200743EFD /* MockTrialWebView.m */,
				FC1D456715EDEB8200743EFD /* MockTrialWebView.xib */,
			);
			name = "Mock Trial";
			sourceTree = "<group>";
		};
		FC1D459C15EDF73C00743EFD /* MUN */ = {
			isa = PBXGroup;
			children = (
				FC1D457315EDF45E00743EFD /* MUNWebView.h */,
				FC1D457415EDF45F00743EFD /* MUNWebView.m */,
				FC1D457515EDF46000743EFD /* MUNWebView.xib */,
			);
			name = MUN;
			sourceTree = "<group>";
		};
		FC1D459D15EDF74700743EFD /* NHS */ = {
			isa = PBXGroup;
			children = (
				FC1D457A15EDF4E900743EFD /* NHSWebView.h */,
				FC1D457B15EDF4E900743EFD /* NHSWebView.m */,
				FC1D457C15EDF4EA00743EFD /* NHSWebView.xib */,
			);
			name = NHS;
			sourceTree = "<group>";
		};
		FC1D45A015EDF76000743EFD /* NAHS */ = {
			isa = PBXGroup;
			children = (
				FC1D458115EDF55400743EFD /* NAHSWebView.h */,
				FC1D458215EDF55500743EFD /* NAHSWebView.m */,
				FC1D458315EDF55500743EFD /* NAHSWebView.xib */,
			);
			name = NAHS;
			sourceTree = "<group>";
		};
		FC1D45A615EDF7BA00743EFD /* SNHS */ = {
			isa = PBXGroup;
			children = (
				FC1D458815EDF5B400743EFD /* SNHSWebView.h */,
				FC1D458915EDF5B500743EFD /* SNHSWebView.m */,
				FC1D458A15EDF5B600743EFD /* SNHSWebView.xib */,
			);
			name = SNHS;
			sourceTree = "<group>";
		};
		FC1D45AE15EDF82000743EFD /* Drama */ = {
			isa = PBXGroup;
			children = (
				FC1D459015EDF63E00743EFD /* DramaWebView.h */,
				FC1D459115EDF63F00743EFD /* DramaWebView.m */,
				FC1D459215EDF64000743EFD /* DramaWebView.xib */,
			);
			name = Drama;
			sourceTree = "<group>";
		};
		FC1D45B615EDF88A00743EFD /* Ensemble */ = {
			isa = PBXGroup;
			children = (
				FC1D45A115EDF77A00743EFD /* EnsembleWebView.h */,
				FC1D45A215EDF77A00743EFD /* EnsembleWebView.m */,
				FC1D45A315EDF77A00743EFD /* EnsembleWebView.xib */,
			);
			name = Ensemble;
			sourceTree = "<group>";
		};
		FC1D45BE15EDF90100743EFD /* Choir */ = {
			isa = PBXGroup;
			children = (
				FC1D45A915EDF7E600743EFD /* ChoirWebView.h */,
				FC1D45AA15EDF7E700743EFD /* ChoirWebView.m */,
				FC1D45AB15EDF7E700743EFD /* ChoirWebView.xib */,
			);
			name = Choir;
			sourceTree = "<group>";
		};
		FC1D45C615EDF97600743EFD /* Taste of ICS */ = {
			isa = PBXGroup;
			children = (
				FC1D45B115EDF84A00743EFD /* TasteWebView.h */,
				FC1D45B215EDF84B00743EFD /* TasteWebView.m */,
				FC1D45B315EDF84B00743EFD /* TasteWebView.xib */,
			);
			name = "Taste of ICS";
			sourceTree = "<group>";
		};
		FC1D45CC15EDF99F00743EFD /* Environmental Club */ = {
			isa = PBXGroup;
			children = (
				FC1D45B915EDF8BC00743EFD /* EnvWebView.h */,
				FC1D45BA15EDF8BC00743EFD /* EnvWebView.m */,
				FC1D45BB15EDF8BC00743EFD /* EnvWebView.xib */,
			);
			name = "Environmental Club";
			sourceTree = "<group>";
		};
		FC1D45D015EDFA1500743EFD /* Frisbee */ = {
			isa = PBXGroup;
			children = (
				FC1D45C115EDF92000743EFD /* FrisbeeWebView.h */,
				FC1D45C215EDF92000743EFD /* FrisbeeWebView.m */,
				FC1D45C315EDF92100743EFD /* FrisbeeWebView.xib */,
			);
			name = Frisbee;
			sourceTree = "<group>";
		};
		FC1D45D115EDFA1A00743EFD /* Tech Crew */ = {
			isa = PBXGroup;
			children = (
				FC1D45C715EDF99700743EFD /* TechWebView.h */,
				FC1D45C815EDF99800743EFD /* TechWebView.m */,
				FC1D45C915EDF99800743EFD /* TechWebView.xib */,
			);
			name = "Tech Crew";
			sourceTree = "<group>";
		};
		FC1D45D215EDFBD000743EFD /* images */ = {
			isa = PBXGroup;
			children = (
				FC411DB715F07584006B7FF9 /* icon.png */,
				FCE886CF15EF3A27006677E9 /* iPhoneIcon_Big.png */,
				FCE886D015EF3A27006677E9 /* iPhoneIcon_Medium.png */,
				FC1D45D315EDFBD000743EFD /* 46-movie-2.png */,
				FC1D45D415EDFBD000743EFD /* default.png */,
				FC1D45D515EDFBD000743EFD /* home_30.png */,
				FC1D45D615EDFBD000743EFD /* icon_calendar.png */,
				FC1D45D715EDFBD000743EFD /* icon_pencil.png */,
				FC1D45D815EDFBD000743EFD /* info_30.png */,
			);
			path = images;
			sourceTree = "<group>";
		};
		FC1D45DF15EDFC6B00743EFD /* First View (Home) */ = {
			isa = PBXGroup;
			children = (
				375E3C65144DC81F00A56C68 /* FirstViewController.h */,
				375E3C66144DC81F00A56C68 /* FirstViewController.m */,
				375E3C6B144DC81F00A56C68 /* FirstView.xib */,
			);
			name = "First View (Home)";
			sourceTree = "<group>";
		};
		FC1D45E015EDFC7700743EFD /* Second View (Clubs) */ = {
			isa = PBXGroup;
			children = (
				FCE65B8D15EE6CE90047A184 /* Clubs */,
				375E3C68144DC81F00A56C68 /* SecondViewController.h */,
				375E3C69144DC81F00A56C68 /* SecondViewController.m */,
				375E3C6E144DC81F00A56C68 /* SecondView.xib */,
			);
			name = "Second View (Clubs)";
			sourceTree = "<group>";
		};
		FCE65B8C15EE6CB90047A184 /* Fifth View (Contact) */ = {
			isa = PBXGroup;
			children = (
				FC1D45E115EDFCFD00743EFD /* FifthViewController.h */,
				FC1D45E215EDFCFE00743EFD /* FifthViewController.m */,
				FC1D45E315EDFD0000743EFD /* FifthViewController.xib */,
			);
			name = "Fifth View (Contact)";
			sourceTree = "<group>";
		};
		FCE65B8D15EE6CE90047A184 /* Clubs */ = {
			isa = PBXGroup;
			children = (
				FC1D459815EDF6BF00743EFD /* ASB */,
				FC1D459915EDF6DA00743EFD /* FBLA */,
				FC1D459A15EDF6E800743EFD /* Key Club */,
				FC1D459B15EDF6F400743EFD /* Mock Trial */,
				FC1D459C15EDF73C00743EFD /* MUN */,
				FC1D459D15EDF74700743EFD /* NHS */,
				FC1D45A015EDF76000743EFD /* NAHS */,
				FC1D45A615EDF7BA00743EFD /* SNHS */,
				FC1D45AE15EDF82000743EFD /* Drama */,
				FC1D45B615EDF88A00743EFD /* Ensemble */,
				FC1D45BE15EDF90100743EFD /* Choir */,
				FC1D45C615EDF97600743EFD /* Taste of ICS */,
				FC1D45CC15EDF99F00743EFD /* Environmental Club */,
				FC1D45D015EDFA1500743EFD /* Frisbee */,
				FC1D45D115EDFA1A00743EFD /* Tech Crew */,
			);
			name = Clubs;
			sourceTree = "<group>";
		};
		FCE65B9315EE70C90047A184 /* Third View (Calendar) */ = {
			isa = PBXGroup;
			children = (
				FCE65B8E15EE6FFE0047A184 /* ThirdViewController.h */,
				FCE65B8F15EE6FFE0047A184 /* ThirdViewController.m */,
				FCE65B9015EE6FFE0047A184 /* ThirdViewController.xib */,
				FC3CE1C91612BD3C00D892BF /* DetailCalendarController.h */,
				FC3CE1CA1612BD3C00D892BF /* DetailCalendarController.m */,
				FC3CE1CB1612BD3C00D892BF /* DetailCalendarController.xib */,
			);
			name = "Third View (Calendar)";
			path = ..;
			sourceTree = "<group>";
		};
		FCE65B9915EE83C30047A184 /* Fourth View (Media) */ = {
			isa = PBXGroup;
			children = (
				FCE65B9415EE836D0047A184 /* FourthViewController.h */,
				FCE65B9515EE836D0047A184 /* FourthViewController.m */,
				FCE65B9615EE836D0047A184 /* FourthViewController.xib */,
				FC3CE1F21612C23E00D892BF /* DetailMediaController.h */,
				FC3CE1F31612C23E00D892BF /* DetailMediaController.m */,
				FC3CE1F41612C23E00D892BF /* DetailMediaController.xib */,
			);
			name = "Fourth View (Media)";
			sourceTree = "<group>";
		};
/* End PBXGroup section */

/* Begin PBXNativeTarget section */
		375E3C4B144DC81F00A56C68 /* WebViewTutorial1 */ = {
			isa = PBXNativeTarget;
			buildConfigurationList = 375E3C89144DC81F00A56C68 /* Build configuration list for PBXNativeTarget "WebViewTutorial1" */;
			buildPhases = (
				375E3C48144DC81F00A56C68 /* Sources */,
				375E3C49144DC81F00A56C68 /* Frameworks */,
				375E3C4A144DC81F00A56C68 /* Resources */,
			);
			buildRules = (
			);
			dependencies = (
			);
			name = WebViewTutorial1;
			productName = WebViewTutorial1;
			productReference = 375E3C4C144DC81F00A56C68 /* ICS.app */;
			productType = "com.apple.product-type.application";
		};
		375E3C75144DC81F00A56C68 /* WebViewTutorial1Tests */ = {
			isa = PBXNativeTarget;
			buildConfigurationList = 375E3C8C144DC81F00A56C68 /* Build configuration list for PBXNativeTarget "WebViewTutorial1Tests" */;
			buildPhases = (
				375E3C71144DC81F00A56C68 /* Sources */,
				375E3C72144DC81F00A56C68 /* Frameworks */,
				375E3C73144DC81F00A56C68 /* Resources */,
				375E3C74144DC81F00A56C68 /* ShellScript */,
			);
			buildRules = (
			);
			dependencies = (
				375E3C7B144DC81F00A56C68 /* PBXTargetDependency */,
			);
			name = WebViewTutorial1Tests;
			productName = WebViewTutorial1Tests;
			productReference = FC2629E2161F2C0E00047A2D /* WebViewTutorial1Tests.octest */;
			productType = "com.apple.product-type.bundle";
		};
/* End PBXNativeTarget section */

/* Begin PBXProject section */
		375E3C43144DC81F00A56C68 /* Project object */ = {
			isa = PBXProject;
			attributes = {
				LastUpgradeCheck = 0450;
			};
			buildConfigurationList = 375E3C46144DC81F00A56C68 /* Build configuration list for PBXProject "WebViewTutorial1" */;
			compatibilityVersion = "Xcode 3.2";
			developmentRegion = English;
			hasScannedForEncodings = 0;
			knownRegions = (
				en,
			);
			mainGroup = 375E3C41144DC81E00A56C68;
			productRefGroup = 375E3C4D144DC81F00A56C68 /* Products */;
			projectDirPath = "";
			projectRoot = "";
			targets = (
				375E3C4B144DC81F00A56C68 /* WebViewTutorial1 */,
				375E3C75144DC81F00A56C68 /* WebViewTutorial1Tests */,
			);
		};
/* End PBXProject section */

/* Begin PBXResourcesBuildPhase section */
		375E3C4A144DC81F00A56C68 /* Resources */ = {
			isa = PBXResourcesBuildPhase;
			buildActionMask = 2147483647;
			files = (
				375E3C5B144DC81F00A56C68 /* InfoPlist.strings in Resources */,
				375E3C64144DC81F00A56C68 /* MainWindow.xib in Resources */,
				375E3C6D144DC81F00A56C68 /* FirstView.xib in Resources */,
				375E3C70144DC81F00A56C68 /* SecondView.xib in Resources */,
				37DF857814506B480049A7ED /* MyWebView.xib in Resources */,
				FC1D455B15ED91EE00743EFD /* ASBWebView.xib in Resources */,
				FC1D456415EDEB2200743EFD /* FBLAWebView.xib in Resources */,
				FC1D456915EDEB8200743EFD /* MockTrialWebView.xib in Resources */,
				FC1D457015EDEC9A00743EFD /* KeyClubWebView.xib in Resources */,
				FC1D457715EDF46100743EFD /* MUNWebView.xib in Resources */,
				FC1D457E15EDF4EB00743EFD /* NHSWebView.xib in Resources */,
				FC1D458515EDF55600743EFD /* NAHSWebView.xib in Resources */,
				FC1D458C15EDF5B600743EFD /* SNHSWebView.xib in Resources */,
				FC1D459415EDF64100743EFD /* DramaWebView.xib in Resources */,
				FC1D45A515EDF77B00743EFD /* EnsembleWebView.xib in Resources */,
				FC1D45AD15EDF7E700743EFD /* ChoirWebView.xib in Resources */,
				FC1D45B515EDF84B00743EFD /* TasteWebView.xib in Resources */,
				FC1D45BD15EDF8BD00743EFD /* EnvWebView.xib in Resources */,
				FC1D45C515EDF92100743EFD /* FrisbeeWebView.xib in Resources */,
				FC1D45CB15EDF99800743EFD /* TechWebView.xib in Resources */,
				FC1D45D915EDFBD000743EFD /* 46-movie-2.png in Resources */,
				FC1D45DA15EDFBD000743EFD /* default.png in Resources */,
				FC1D45DB15EDFBD000743EFD /* home_30.png in Resources */,
				FC1D45DC15EDFBD000743EFD /* icon_calendar.png in Resources */,
				FC1D45DD15EDFBD000743EFD /* icon_pencil.png in Resources */,
				FC1D45DE15EDFBD000743EFD /* info_30.png in Resources */,
				FC1D45E515EDFD0200743EFD /* FifthViewController.xib in Resources */,
				FCE65B9215EE6FFE0047A184 /* ThirdViewController.xib in Resources */,
				FCE65B9815EE836D0047A184 /* FourthViewController.xib in Resources */,
				FCE886D115EF3A27006677E9 /* iPhoneIcon_Big.png in Resources */,
				FCE886D215EF3A27006677E9 /* iPhoneIcon_Medium.png in Resources */,
				FC411DB815F07584006B7FF9 /* icon.png in Resources */,
				FC3CE1CD1612BD3C00D892BF /* DetailCalendarController.xib in Resources */,
				FC3CE1F61612C23E00D892BF /* DetailMediaController.xib in Resources */,
				FC04B9E116166CEE00C6F6EA /* Default-568h@2x.png in Resources */,
				FC274BB11633A3200083C950 /* img2.png in Resources */,
				5D94CC2F163E5B5100E36C87 /* header.png in Resources */,
			);
			runOnlyForDeploymentPostprocessing = 0;
		};
		375E3C73144DC81F00A56C68 /* Resources */ = {
			isa = PBXResourcesBuildPhase;
			buildActionMask = 2147483647;
			files = (
				375E3C81144DC81F00A56C68 /* InfoPlist.strings in Resources */,
				375E3C84144DC81F00A56C68 /* WebViewTutorial1Tests.h in Resources */,
			);
			runOnlyForDeploymentPostprocessing = 0;
		};
/* End PBXResourcesBuildPhase section */

/* Begin PBXShellScriptBuildPhase section */
		375E3C74144DC81F00A56C68 /* ShellScript */ = {
			isa = PBXShellScriptBuildPhase;
			buildActionMask = 2147483647;
			files = (
			);
			inputPaths = (
			);
			outputPaths = (
			);
			runOnlyForDeploymentPostprocessing = 0;
			shellPath = /bin/sh;
			shellScript = "# Run the unit tests in this test bundle.\n\"${SYSTEM_DEVELOPER_DIR}/Tools/RunUnitTests\"\n";
		};
/* End PBXShellScriptBuildPhase section */

/* Begin PBXSourcesBuildPhase section */
		375E3C48144DC81F00A56C68 /* Sources */ = {
			isa = PBXSourcesBuildPhase;
			buildActionMask = 2147483647;
			files = (
				375E3C5E144DC81F00A56C68 /* main.m in Sources */,
				375E3C61144DC81F00A56C68 /* WebViewTutorial1AppDelegate.m in Sources */,
				375E3C67144DC81F00A56C68 /* FirstViewController.m in Sources */,
				375E3C6A144DC81F00A56C68 /* SecondViewController.m in Sources */,
				37DF857714506B480049A7ED /* MyWebView.m in Sources */,
				FC1D455A15ED91EE00743EFD /* ASBWebView.m in Sources */,
				FC1D456315EDEB2200743EFD /* FBLAWebView.m in Sources */,
				FC1D456815EDEB8200743EFD /* MockTrialWebView.m in Sources */,
				FC1D456F15EDEC9A00743EFD /* KeyClubWebView.m in Sources */,
				FC1D457615EDF46100743EFD /* MUNWebView.m in Sources */,
				FC1D457D15EDF4EB00743EFD /* NHSWebView.m in Sources */,
				FC1D458415EDF55600743EFD /* NAHSWebView.m in Sources */,
				FC1D458B15EDF5B600743EFD /* SNHSWebView.m in Sources */,
				FC1D459315EDF64100743EFD /* DramaWebView.m in Sources */,
				FC1D45A415EDF77B00743EFD /* EnsembleWebView.m in Sources */,
				FC1D45AC15EDF7E700743EFD /* ChoirWebView.m in Sources */,
				FC1D45B415EDF84B00743EFD /* TasteWebView.m in Sources */,
				FC1D45BC15EDF8BD00743EFD /* EnvWebView.m in Sources */,
				FC1D45C415EDF92100743EFD /* FrisbeeWebView.m in Sources */,
				FC1D45CA15EDF99800743EFD /* TechWebView.m in Sources */,
				FC1D45E415EDFD0200743EFD /* FifthViewController.m in Sources */,
				FCE65B9115EE6FFE0047A184 /* ThirdViewController.m in Sources */,
				FCE65B9715EE836D0047A184 /* FourthViewController.m in Sources */,
				FC3CE1CC1612BD3C00D892BF /* DetailCalendarController.m in Sources */,
				FC3CE1F51612C23E00D892BF /* DetailMediaController.m in Sources */,
				5D922C89163E8E1700050668 /* NSString+NSStringTags.m in Sources */,
			);
			runOnlyForDeploymentPostprocessing = 0;
		};
		375E3C71144DC81F00A56C68 /* Sources */ = {
			isa = PBXSourcesBuildPhase;
			buildActionMask = 2147483647;
			files = (
				375E3C86144DC81F00A56C68 /* WebViewTutorial1Tests.m in Sources */,
			);
			runOnlyForDeploymentPostprocessing = 0;
		};
/* End PBXSourcesBuildPhase section */

/* Begin PBXTargetDependency section */
		375E3C7B144DC81F00A56C68 /* PBXTargetDependency */ = {
			isa = PBXTargetDependency;
			target = 375E3C4B144DC81F00A56C68 /* WebViewTutorial1 */;
			targetProxy = 375E3C7A144DC81F00A56C68 /* PBXContainerItemProxy */;
		};
/* End PBXTargetDependency section */

/* Begin PBXVariantGroup section */
		375E3C59144DC81F00A56C68 /* InfoPlist.strings */ = {
			isa = PBXVariantGroup;
			children = (
				375E3C5A144DC81F00A56C68 /* en */,
			);
			name = InfoPlist.strings;
			sourceTree = "<group>";
		};
		375E3C62144DC81F00A56C68 /* MainWindow.xib */ = {
			isa = PBXVariantGroup;
			children = (
				375E3C63144DC81F00A56C68 /* en */,
			);
			name = MainWindow.xib;
			sourceTree = "<group>";
		};
		375E3C6B144DC81F00A56C68 /* FirstView.xib */ = {
			isa = PBXVariantGroup;
			children = (
				375E3C6C144DC81F00A56C68 /* en */,
			);
			name = FirstView.xib;
			sourceTree = "<group>";
		};
		375E3C6E144DC81F00A56C68 /* SecondView.xib */ = {
			isa = PBXVariantGroup;
			children = (
				375E3C6F144DC81F00A56C68 /* en */,
			);
			name = SecondView.xib;
			sourceTree = "<group>";
		};
		375E3C7F144DC81F00A56C68 /* InfoPlist.strings */ = {
			isa = PBXVariantGroup;
			children = (
				375E3C80144DC81F00A56C68 /* en */,
			);
			name = InfoPlist.strings;
			sourceTree = "<group>";
		};
/* End PBXVariantGroup section */

/* Begin XCBuildConfiguration section */
		375E3C87144DC81F00A56C68 /* Debug */ = {
			isa = XCBuildConfiguration;
			buildSettings = {
				ARCHS = "$(ARCHS_STANDARD_32_BIT)";
				CODE_SIGN_IDENTITY = "iPhone Distribution: Max Steele";
				"CODE_SIGN_IDENTITY[sdk=iphoneos*]" = "iPhone Developer";
				GCC_C_LANGUAGE_STANDARD = gnu99;
				GCC_OPTIMIZATION_LEVEL = 0;
				GCC_PREPROCESSOR_DEFINITIONS = DEBUG;
				GCC_SYMBOLS_PRIVATE_EXTERN = NO;
				GCC_VERSION = com.apple.compilers.llvmgcc42;
				GCC_WARN_ABOUT_RETURN_TYPE = YES;
				GCC_WARN_UNUSED_VARIABLE = YES;
				IPHONEOS_DEPLOYMENT_TARGET = 4.3;
				PROVISIONING_PROFILE = "13E2AFDD-F9D9-4BC0-9F86-E39922B93A3D";
				SDKROOT = iphoneos;
			};
			name = Debug;
		};
		375E3C88144DC81F00A56C68 /* Release */ = {
			isa = XCBuildConfiguration;
			buildSettings = {
				ARCHS = "$(ARCHS_STANDARD_32_BIT)";
				CODE_SIGN_IDENTITY = "iPhone Distribution: Max Steele";
				"CODE_SIGN_IDENTITY[sdk=iphoneos*]" = "iPhone Developer";
				GCC_C_LANGUAGE_STANDARD = gnu99;
				GCC_VERSION = com.apple.compilers.llvmgcc42;
				GCC_WARN_ABOUT_RETURN_TYPE = YES;
				GCC_WARN_UNUSED_VARIABLE = YES;
				IPHONEOS_DEPLOYMENT_TARGET = 4.3;
				OTHER_CFLAGS = "-DNS_BLOCK_ASSERTIONS=1";
				PROVISIONING_PROFILE = "13E2AFDD-F9D9-4BC0-9F86-E39922B93A3D";
				SDKROOT = iphoneos;
			};
			name = Release;
		};
		375E3C8A144DC81F00A56C68 /* Debug */ = {
			isa = XCBuildConfiguration;
			buildSettings = {
				ALWAYS_SEARCH_USER_PATHS = NO;
				CODE_SIGN_IDENTITY = "iPhone Distribution: Max Steele";
				COPY_PHASE_STRIP = NO;
				GCC_DYNAMIC_NO_PIC = NO;
				GCC_PRECOMPILE_PREFIX_HEADER = YES;
				GCC_PREFIX_HEADER = "WebViewTutorial1/WebViewTutorial1-Prefix.pch";
				GCC_VERSION = com.apple.compilers.llvm.clang.1_0;
				INFOPLIST_FILE = "WebViewTutorial1/WebViewTutorial1-Info.plist";
				IPHONEOS_DEPLOYMENT_TARGET = 5.0;
				PRODUCT_NAME = ICS;
				PROVISIONING_PROFILE = "13E2AFDD-F9D9-4BC0-9F86-E39922B93A3D";
				WRAPPER_EXTENSION = app;
			};
			name = Debug;
		};
		375E3C8B144DC81F00A56C68 /* Release */ = {
			isa = XCBuildConfiguration;
			buildSettings = {
				ALWAYS_SEARCH_USER_PATHS = NO;
				CODE_SIGN_IDENTITY = "iPhone Distribution: Max Steele";
				"CODE_SIGN_IDENTITY[sdk=iphoneos*]" = "iPhone Distribution: Max Steele";
				COPY_PHASE_STRIP = YES;
				GCC_PRECOMPILE_PREFIX_HEADER = YES;
				GCC_PREFIX_HEADER = "WebViewTutorial1/WebViewTutorial1-Prefix.pch";
				GCC_VERSION = com.apple.compilers.llvm.clang.1_0;
				INFOPLIST_FILE = "WebViewTutorial1/WebViewTutorial1-Info.plist";
				IPHONEOS_DEPLOYMENT_TARGET = 5.0;
				PRODUCT_NAME = ICS;
				PROVISIONING_PROFILE = "13E2AFDD-F9D9-4BC0-9F86-E39922B93A3D";
				"PROVISIONING_PROFILE[sdk=iphoneos*]" = "13E2AFDD-F9D9-4BC0-9F86-E39922B93A3D";
				WRAPPER_EXTENSION = app;
			};
			name = Release;
		};
		375E3C8D144DC81F00A56C68 /* Debug */ = {
			isa = XCBuildConfiguration;
			buildSettings = {
				ALWAYS_SEARCH_USER_PATHS = NO;
				BUNDLE_LOADER = "$(BUILT_PRODUCTS_DIR)/WebViewTutorial1.app/WebViewTutorial1";
				FRAMEWORK_SEARCH_PATHS = (
					"$(SDKROOT)/Developer/Library/Frameworks",
					"$(DEVELOPER_LIBRARY_DIR)/Frameworks",
				);
				GCC_PRECOMPILE_PREFIX_HEADER = YES;
				GCC_PREFIX_HEADER = "WebViewTutorial1Tests/WebViewTutorial1Tests-Prefix.pch";
				GCC_VERSION = com.apple.compilers.llvm.clang.1_0;
				INFOPLIST_FILE = "WebViewTutorial1Tests/WebViewTutorial1Tests-Info.plist";
				OTHER_LDFLAGS = (
					"-framework",
					SenTestingKit,
				);
				PRODUCT_NAME = "$(TARGET_NAME)";
				TEST_HOST = "$(BUNDLE_LOADER)";
				WRAPPER_EXTENSION = octest;
			};
			name = Debug;
		};
		375E3C8E144DC81F00A56C68 /* Release */ = {
			isa = XCBuildConfiguration;
			buildSettings = {
				ALWAYS_SEARCH_USER_PATHS = NO;
				BUNDLE_LOADER = "$(BUILT_PRODUCTS_DIR)/WebViewTutorial1.app/WebViewTutorial1";
				FRAMEWORK_SEARCH_PATHS = (
					"$(SDKROOT)/Developer/Library/Frameworks",
					"$(DEVELOPER_LIBRARY_DIR)/Frameworks",
				);
				GCC_PRECOMPILE_PREFIX_HEADER = YES;
				GCC_PREFIX_HEADER = "WebViewTutorial1Tests/WebViewTutorial1Tests-Prefix.pch";
				GCC_VERSION = com.apple.compilers.llvm.clang.1_0;
				INFOPLIST_FILE = "WebViewTutorial1Tests/WebViewTutorial1Tests-Info.plist";
				OTHER_LDFLAGS = (
					"-framework",
					SenTestingKit,
				);
				PRODUCT_NAME = "$(TARGET_NAME)";
				TEST_HOST = "$(BUNDLE_LOADER)";
				WRAPPER_EXTENSION = octest;
			};
			name = Release;
		};
		FCA1D87415EF5AE1007FC0A5 /* AppStore */ = {
			isa = XCBuildConfiguration;
			buildSettings = {
				ARCHS = "$(ARCHS_STANDARD_32_BIT)";
				CODE_SIGN_IDENTITY = "iPhone Distribution: Max Steele";
				"CODE_SIGN_IDENTITY[sdk=iphoneos*]" = "iPhone Developer";
				GCC_C_LANGUAGE_STANDARD = gnu99;
				GCC_VERSION = com.apple.compilers.llvmgcc42;
				GCC_WARN_ABOUT_RETURN_TYPE = YES;
				GCC_WARN_UNUSED_VARIABLE = YES;
				IPHONEOS_DEPLOYMENT_TARGET = 4.3;
				OTHER_CFLAGS = "-DNS_BLOCK_ASSERTIONS=1";
				PROVISIONING_PROFILE = "13E2AFDD-F9D9-4BC0-9F86-E39922B93A3D";
				SDKROOT = iphoneos;
			};
			name = AppStore;
		};
		FCA1D87515EF5AE1007FC0A5 /* AppStore */ = {
			isa = XCBuildConfiguration;
			buildSettings = {
				ALWAYS_SEARCH_USER_PATHS = NO;
				CODE_SIGN_IDENTITY = "iPhone Distribution: Max Steele";
				"CODE_SIGN_IDENTITY[sdk=iphoneos*]" = "iPhone Distribution: Max Steele";
				COPY_PHASE_STRIP = YES;
				GCC_PRECOMPILE_PREFIX_HEADER = YES;
				GCC_PREFIX_HEADER = "WebViewTutorial1/WebViewTutorial1-Prefix.pch";
				GCC_VERSION = com.apple.compilers.llvm.clang.1_0;
				INFOPLIST_FILE = "WebViewTutorial1/WebViewTutorial1-Info.plist";
				IPHONEOS_DEPLOYMENT_TARGET = 5.0;
				PRODUCT_NAME = ICS;
				PROVISIONING_PROFILE = "13E2AFDD-F9D9-4BC0-9F86-E39922B93A3D";
				"PROVISIONING_PROFILE[sdk=iphoneos*]" = "13E2AFDD-F9D9-4BC0-9F86-E39922B93A3D";
				WRAPPER_EXTENSION = app;
			};
			name = AppStore;
		};
		FCA1D87615EF5AE1007FC0A5 /* AppStore */ = {
			isa = XCBuildConfiguration;
			buildSettings = {
				ALWAYS_SEARCH_USER_PATHS = NO;
				BUNDLE_LOADER = "$(BUILT_PRODUCTS_DIR)/WebViewTutorial1.app/WebViewTutorial1";
				FRAMEWORK_SEARCH_PATHS = (
					"$(SDKROOT)/Developer/Library/Frameworks",
					"$(DEVELOPER_LIBRARY_DIR)/Frameworks",
				);
				GCC_PRECOMPILE_PREFIX_HEADER = YES;
				GCC_PREFIX_HEADER = "WebViewTutorial1Tests/WebViewTutorial1Tests-Prefix.pch";
				GCC_VERSION = com.apple.compilers.llvm.clang.1_0;
				INFOPLIST_FILE = "WebViewTutorial1Tests/WebViewTutorial1Tests-Info.plist";
				OTHER_LDFLAGS = (
					"-framework",
					SenTestingKit,
				);
				PRODUCT_NAME = "$(TARGET_NAME)";
				TEST_HOST = "$(BUNDLE_LOADER)";
				WRAPPER_EXTENSION = octest;
			};
			name = AppStore;
		};
/* End XCBuildConfiguration section */

/* Begin XCConfigurationList section */
		375E3C46144DC81F00A56C68 /* Build configuration list for PBXProject "WebViewTutorial1" */ = {
			isa = XCConfigurationList;
			buildConfigurations = (
				375E3C87144DC81F00A56C68 /* Debug */,
				375E3C88144DC81F00A56C68 /* Release */,
				FCA1D87415EF5AE1007FC0A5 /* AppStore */,
			);
			defaultConfigurationIsVisible = 0;
			defaultConfigurationName = Release;
		};
		375E3C89144DC81F00A56C68 /* Build configuration list for PBXNativeTarget "WebViewTutorial1" */ = {
			isa = XCConfigurationList;
			buildConfigurations = (
				375E3C8A144DC81F00A56C68 /* Debug */,
				375E3C8B144DC81F00A56C68 /* Release */,
				FCA1D87515EF5AE1007FC0A5 /* AppStore */,
			);
			defaultConfigurationIsVisible = 0;
			defaultConfigurationName = Release;
		};
		375E3C8C144DC81F00A56C68 /* Build configuration list for PBXNativeTarget "WebViewTutorial1Tests" */ = {
			isa = XCConfigurationList;
			buildConfigurations = (
				375E3C8D144DC81F00A56C68 /* Debug */,
				375E3C8E144DC81F00A56C68 /* Release */,
				FCA1D87615EF5AE1007FC0A5 /* AppStore */,
			);
			defaultConfigurationIsVisible = 0;
			defaultConfigurationName = Release;
		};
/* End XCConfigurationList section */
	};
	rootObject = 375E3C43144DC81F00A56C68 /* Project object */;
}
